
Microsoft Visual Studio Solution File, Format Version 12.00
# Visual Studio Version 17
VisualStudioVersion = 17.11.35303.130
MinimumVisualStudioVersion = 10.0.40219.1
Project("{FAE04EC0-301F-11D3-BF4B-00C04F79EFBC}") = "oop2_Assingment2", "oop2_Assingment2.csproj", "{911EE35F-2D20-41C2-80CC-618E667DC111}"
EndProject
Global
	GlobalSection(SolutionConfigurationPlatforms) = preSolution
		Debug|Any CPU = Debug|Any CPU
		Release|Any CPU = Release|Any CPU
	EndGlobalSection
	GlobalSection(ProjectConfigurationPlatforms) = postSolution
		{911EE35F-2D20-41C2-80CC-618E667DC111}.Debug|Any CPU.ActiveCfg = Debug|Any CPU
		{911EE35F-2D20-41C2-80CC-618E667DC111}.Debug|Any CPU.Build.0 = Debug|Any CPU
		{911EE35F-2D20-41C2-80CC-618E667DC111}.Release|Any CPU.ActiveCfg = Release|Any CPU
		{911EE35F-2D20-41C2-80CC-618E667DC111}.Release|Any CPU.Build.0 = Release|Any CPU
	EndGlobalSection
	GlobalSection(SolutionProperties) = preSolution
		HideSolutionNode = FALSE
	EndGlobalSection
	GlobalSection(ExtensibilityGlobals) = postSolution
		SolutionGuid = {83B5BEB4-F2E9-47A7-A8F6-9AA094C3D0C5}
	EndGlobalSection
EndGlobal
